{
  "name": "PlatformColaborative",
  "lockfileVersion": 3,
  "requires": true,
  "packages": {
    "": {
      "devDependencies": {
        "datatables.net-bs4": "^2.0.3"
      }
    },
    "node_modules/datatables.net": {
      "version": "2.0.3",
      "resolved": "https://registry.npmjs.org/datatables.net/-/datatables.net-2.0.3.tgz",
      "integrity": "sha512-phq7jhkjIlVdahZYa2nd/yeiDgFrvT++Sily3GgztG3T7qqdAWkjtLuGA2Pv5p7XBwkJ0zwf+0KDRU54uR7WAg==",
      "dev": true,
      "dependencies": {
        "jquery": ">=1.7"
      }
    },
    "node_modules/datatables.net-bs4": {
      "version": "2.0.3",
      "resolved": "https://registry.npmjs.org/datatables.net-bs4/-/datatables.net-bs4-2.0.3.tgz",
      "integrity": "sha512-KNby8CXJMUWujmlVo+QyhtDnAGOcXYEV9/FKs6rwXNn6z0EU6RAbqKF0gyyss0nFxjtlJPb36pssEYFJGY+Ttw==",
      "dev": true,
      "dependencies": {
        "datatables.net": "2.0.3",
        "jquery": ">=1.7"
      }
    },
    "node_modules/jquery": {
      "version": "3.7.1",
      "resolved": "https://registry.npmjs.org/jquery/-/jquery-3.7.1.tgz",
      "integrity": "sha512-m4avr8yL8kmFN8psrbFFFmB/If14iN5o9nw/NgnnM+kybDJpRsAynV2BsfpTYrTRysYUdADVD7CkUUizgkpLfg==",
      "dev": true
    }
  }
}
